<?xml version="1.0" encoding="utf-8"?>
<Project ToolsVersion="4.0" xmlns="http://schemas.microsoft.com/developer/msbuild/2003">
  <ItemGroup>
    <ClCompile Include="src\tmpl8\Template.cpp" />
    <ClCompile Include="src\Game.cpp" />
    <ClCompile Include="src\tmpl8\Surface.cpp" />
    <ClCompile Include="src\graphics\SpriteAnimation.cpp" />
    <ClCompile Include="src\tmpl8\Sprite.cpp" />
    <ClCompile Include="src\scene\Scene.cpp" />
    <ClCompile Include="src\scene\player\Player.cpp" />
  </ItemGroup>
  <ItemGroup>
    <ClInclude Include="src\tmpl8\Template.hpp" />
    <ClInclude Include="src\Game.hpp" />
    <ClInclude Include="src\tmpl8\Surface.hpp" />
    <ClInclude Include="src\graphics\SpriteAnimation.hpp" />
    <ClInclude Include="src\tmpl8\Sprite.hpp" />
    <ClInclude Include="src\scene\Entity.hpp" />
    <ClInclude Include="src\scene\Scene.hpp" />
    <ClInclude Include="src\scene\player\Player.hpp" />
  </ItemGroup>
  <ItemGroup>
    <Image Include="assets\Player.png" />
  </ItemGroup>
</Project>